
Microsoft Visual Studio Solution File, Format Version 12.00
# Visual Studio Version 16
VisualStudioVersion = 16.0.31729.503
MinimumVisualStudioVersion = 10.0.40219.1
Project("{2150E333-8FDC-42A3-9474-1A3956D46DE8}") = "Lambdas", "Lambdas", "{92932C3B-7F38-4BFB-A0DB-7A3972BF7693}"
EndProject
Project("{9A19103F-16F7-4668-BE54-9A1E7A4F7556}") = "TelegramBotLambda", "Lambdas\TelegramBotLambda\TelegramBotLambda.csproj", "{EF6EA82C-55D5-4325-8115-E8B5BE456012}"
EndProject
Project("{9A19103F-16F7-4668-BE54-9A1E7A4F7556}") = "TelegramBotLambda.Tests", "Lambdas\TelegramBotLambda.Tests\TelegramBotLambda.Tests.csproj", "{AE45EE3A-A2B1-4224-AB9F-49E7DC572EA5}"
EndProject
Global
	GlobalSection(SolutionConfigurationPlatforms) = preSolution
		Debug|Any CPU = Debug|Any CPU
		Release|Any CPU = Release|Any CPU
	EndGlobalSection
	GlobalSection(ProjectConfigurationPlatforms) = postSolution
		{EF6EA82C-55D5-4325-8115-E8B5BE456012}.Debug|Any CPU.ActiveCfg = Debug|Any CPU
		{EF6EA82C-55D5-4325-8115-E8B5BE456012}.Debug|Any CPU.Build.0 = Debug|Any CPU
		{EF6EA82C-55D5-4325-8115-E8B5BE456012}.Release|Any CPU.ActiveCfg = Release|Any CPU
		{EF6EA82C-55D5-4325-8115-E8B5BE456012}.Release|Any CPU.Build.0 = Release|Any CPU
		{AE45EE3A-A2B1-4224-AB9F-49E7DC572EA5}.Debug|Any CPU.ActiveCfg = Debug|Any CPU
		{AE45EE3A-A2B1-4224-AB9F-49E7DC572EA5}.Debug|Any CPU.Build.0 = Debug|Any CPU
		{AE45EE3A-A2B1-4224-AB9F-49E7DC572EA5}.Release|Any CPU.ActiveCfg = Release|Any CPU
		{AE45EE3A-A2B1-4224-AB9F-49E7DC572EA5}.Release|Any CPU.Build.0 = Release|Any CPU
	EndGlobalSection
	GlobalSection(SolutionProperties) = preSolution
		HideSolutionNode = FALSE
	EndGlobalSection
	GlobalSection(NestedProjects) = preSolution
		{EF6EA82C-55D5-4325-8115-E8B5BE456012} = {92932C3B-7F38-4BFB-A0DB-7A3972BF7693}
		{AE45EE3A-A2B1-4224-AB9F-49E7DC572EA5} = {92932C3B-7F38-4BFB-A0DB-7A3972BF7693}
	EndGlobalSection
	GlobalSection(ExtensibilityGlobals) = postSolution
		SolutionGuid = {ED7CB654-227E-4CB2-B25F-EB8A7D843B4A}
	EndGlobalSection
EndGlobal
